{
  "name": "capacitor-sqlite",
  "version": "1.5.1",
  "lockfileVersion": 1,
  "requires": true,
  "dependencies": {
    "@capacitor/android": {
      "version": "1.5.1",
      "resolved": "https://registry.npmjs.org/@capacitor/android/-/android-1.5.1.tgz",
      "integrity": "sha512-dubGu+Im5uqdkLBX9c0azGF1v3AY1HTlWxZmjn7qN48AXJL3woxCi4TVv2MEXJRxgfQq5Aunqu6rsmF/bDaOHw==",
      "dev": true
    },
    "@capacitor/core": {
      "version": "1.5.1",
      "resolved": "https://registry.npmjs.org/@capacitor/core/-/core-1.5.1.tgz",
      "integrity": "sha512-3ncsiM+G1w4/osKbtPXGfHGOp/A1WKein1EVDX3O151aqjNf44F+n/zweZG1XvtOmY4AHNaQcHYO/s9nMOmPOw==",
      "requires": {
        "tslib": "^1.9.0"
      }
    },
    "@capacitor/ios": {
      "version": "1.5.1",
      "resolved": "https://registry.npmjs.org/@capacitor/ios/-/ios-1.5.1.tgz",
      "integrity": "sha512-6b8o/U87KIRWj3OLT+RrStTS56FWF7/dJkFe75XS5PBZPlWl8dKB3MUb3oKpWX5E7Y105Yo8CA/fKOSk8QQzsg==",
      "dev": true
    },
    "tslib": {
      "version": "1.11.1",
      "resolved": "https://registry.npmjs.org/tslib/-/tslib-1.11.1.tgz",
      "integrity": "sha512-aZW88SY8kQbU7gpV19lN24LtXh/yD4ZZg6qieAJDDg+YBsJcSmLGK9QpnUjAKVG/xefmvJGd1WUmfpT/g6AJGA=="
    },
    "typescript": {
      "version": "3.8.3",
      "resolved": "https://registry.npmjs.org/typescript/-/typescript-3.8.3.tgz",
      "integrity": "sha512-MYlEfn5VrLNsgudQTVJeNaQFUAI7DkhnOjdpAp4T+ku1TfQClewlbSuTVHiA+8skNBgaf02TL/kLOvig4y3G8w==",
      "dev": true
    }
  }
}
