{
  "name": "capacitor-sqlite",
  "version": "2.0.0-3",
  "lockfileVersion": 1,
  "requires": true,
  "dependencies": {
    "@capacitor/android": {
      "version": "2.0.0",
      "resolved": "https://registry.npmjs.org/@capacitor/android/-/android-2.0.0.tgz",
      "integrity": "sha512-ATMKHFSdBMcP5iqNeVwpyzAvXQ44bFmCEjmGuTqr9VCooUvwLpekiLedwWXldA94jJ0TbyGQZJeyLq++7f+kLg==",
      "dev": true
    },
    "@capacitor/core": {
      "version": "2.0.0",
      "resolved": "https://registry.npmjs.org/@capacitor/core/-/core-2.0.0.tgz",
      "integrity": "sha512-u21az92VjHG14pHt0v33s0LwE19ICoUhrMdJdc5F/fHLEw1pBsJvyuK9C11SmDyv1QJjwmPvq6Rh0+BIRGAgLQ==",
      "requires": {
        "tslib": "^1.9.0"
      }
    },
    "@capacitor/ios": {
      "version": "2.0.0",
      "resolved": "https://registry.npmjs.org/@capacitor/ios/-/ios-2.0.0.tgz",
      "integrity": "sha512-XvTyVbJC7iRvWvqUfSM0yCmpKIO2NXHAA5OfkjA/legsd/YJZKUAPXaJujWermpYTSHkE4jZYOOjzoUZ+caolA==",
      "dev": true
    },
    "tslib": {
      "version": "1.11.1",
      "resolved": "https://registry.npmjs.org/tslib/-/tslib-1.11.1.tgz",
      "integrity": "sha512-aZW88SY8kQbU7gpV19lN24LtXh/yD4ZZg6qieAJDDg+YBsJcSmLGK9QpnUjAKVG/xefmvJGd1WUmfpT/g6AJGA=="
    },
    "typescript": {
      "version": "3.8.3",
      "resolved": "https://registry.npmjs.org/typescript/-/typescript-3.8.3.tgz",
      "integrity": "sha512-MYlEfn5VrLNsgudQTVJeNaQFUAI7DkhnOjdpAp4T+ku1TfQClewlbSuTVHiA+8skNBgaf02TL/kLOvig4y3G8w==",
      "dev": true
    }
  }
}
