{
  "name": "capacitor-sqlite",
  "version": "2.1.0",
  "lockfileVersion": 1,
  "requires": true,
  "dependencies": {
    "@capacitor/android": {
      "version": "2.1.0",
      "resolved": "https://registry.npmjs.org/@capacitor/android/-/android-2.1.0.tgz",
      "integrity": "sha512-20t6Ep4cVp6X/7tz3BzvNyqv6WEMfZr4VLA3nQC7WxTLfrYSWWaP8vaKvTFn8u56qCSoCUwYmYlpkib38ptwJg==",
      "dev": true
    },
    "@capacitor/core": {
      "version": "2.1.0",
      "resolved": "https://registry.npmjs.org/@capacitor/core/-/core-2.1.0.tgz",
      "integrity": "sha512-KIDj067PGaNSIODqzDp99vPs7CVpx+SRVrfgcQ9MNvpTUFsnDx/taRixbucizj8lLH2mhK12dH/4TjU7eqXQ4A==",
      "requires": {
        "tslib": "^1.9.0"
      }
    },
    "@capacitor/ios": {
      "version": "2.1.0",
      "resolved": "https://registry.npmjs.org/@capacitor/ios/-/ios-2.1.0.tgz",
      "integrity": "sha512-KE5hGQiv86Ply/WvT5OvrRBcbM+XdqbGkfp03hK8TG8tYNvJw4mXT3+bH5QsOVOI23o4LVzRWtwPmDyxCw+Pyw==",
      "dev": true
    },
    "@types/node": {
      "version": "13.13.2",
      "resolved": "https://registry.npmjs.org/@types/node/-/node-13.13.2.tgz",
      "integrity": "sha512-LB2R1Oyhpg8gu4SON/mfforE525+Hi/M1ineICEDftqNVTyFg1aRIeGuTvXAoWHc4nbrFncWtJgMmoyRvuGh7A==",
      "dev": true
    },
    "tslib": {
      "version": "1.11.2",
      "resolved": "https://registry.npmjs.org/tslib/-/tslib-1.11.2.tgz",
      "integrity": "sha512-tTSkux6IGPnUGUd1XAZHcpu85MOkIl5zX49pO+jfsie3eP0B6pyhOlLXm3cAC6T7s+euSDDUUV+Acop5WmtkVg=="
    },
    "typescript": {
      "version": "3.8.3",
      "resolved": "https://registry.npmjs.org/typescript/-/typescript-3.8.3.tgz",
      "integrity": "sha512-MYlEfn5VrLNsgudQTVJeNaQFUAI7DkhnOjdpAp4T+ku1TfQClewlbSuTVHiA+8skNBgaf02TL/kLOvig4y3G8w==",
      "dev": true
    }
  }
}
