// !$*UTF8*$!
{
	archiveVersion = 1;
	classes = {
	};
	objectVersion = 48;
	objects = {

/* Begin PBXBuildFile section */
		03FC29A292ACC40490383A1F /* Pods_Plugin.framework in Frameworks */ = {isa = PBXBuildFile; fileRef = 3B2A61DA5A1F2DD4F959604D /* Pods_Plugin.framework */; };
		20C0B05DCFC8E3958A738AF2 /* Pods_PluginTests.framework in Frameworks */ = {isa = PBXBuildFile; fileRef = F6753A823D3815DB436415E3 /* Pods_PluginTests.framework */; };
		2C2352C4276C8195003978B4 /* UtilsNCDatabase.swift in Sources */ = {isa = PBXBuildFile; fileRef = 2C2352C3276C8195003978B4 /* UtilsNCDatabase.swift */; };
		2C3AF2EC25B58C3400C5EF2F /* ReturnHandler.swift in Sources */ = {isa = PBXBuildFile; fileRef = 2C3AF2EB25B58C3400C5EF2F /* ReturnHandler.swift */; };
		2C3AF2F025B58E8500C5EF2F /* GlobalSQLite.swift in Sources */ = {isa = PBXBuildFile; fileRef = 2C3AF2EF25B58E8500C5EF2F /* GlobalSQLite.swift */; };
		2C3AF2F425B58EC400C5EF2F /* Database.swift in Sources */ = {isa = PBXBuildFile; fileRef = 2C3AF2F325B58EC400C5EF2F /* Database.swift */; };
		2C3AF2F925B591ED00C5EF2F /* UtilsBinding.swift in Sources */ = {isa = PBXBuildFile; fileRef = 2C3AF2F825B591ED00C5EF2F /* UtilsBinding.swift */; };
		2C3AF30625B592FD00C5EF2F /* UtilsDrop.swift in Sources */ = {isa = PBXBuildFile; fileRef = 2C3AF30525B592FD00C5EF2F /* UtilsDrop.swift */; };
		2C3AF30A25B5932B00C5EF2F /* UtilsEncryption.swift in Sources */ = {isa = PBXBuildFile; fileRef = 2C3AF30925B5932B00C5EF2F /* UtilsEncryption.swift */; };
		2C3AF30E25B5935B00C5EF2F /* UtilsFile.swift in Sources */ = {isa = PBXBuildFile; fileRef = 2C3AF30D25B5935B00C5EF2F /* UtilsFile.swift */; };
		2C3AF31225B5938500C5EF2F /* UtilsJson.swift in Sources */ = {isa = PBXBuildFile; fileRef = 2C3AF31125B5938500C5EF2F /* UtilsJson.swift */; };
		2C3AF31625B593B600C5EF2F /* UtilsSQLCipher.swift in Sources */ = {isa = PBXBuildFile; fileRef = 2C3AF31525B593B600C5EF2F /* UtilsSQLCipher.swift */; };
		2C3AF31A25B593E500C5EF2F /* UtilsUpgrade.swift in Sources */ = {isa = PBXBuildFile; fileRef = 2C3AF31925B593E500C5EF2F /* UtilsUpgrade.swift */; };
		2C479B9225BD874C009B1A49 /* Security.framework in Frameworks */ = {isa = PBXBuildFile; fileRef = 2C479B9125BD874C009B1A49 /* Security.framework */; };
		2C772263262FF971000C65E9 /* String.swift in Sources */ = {isa = PBXBuildFile; fileRef = 2C772262262FF971000C65E9 /* String.swift */; };
		2C7E57212A38655600C04517 /* Data.swift in Sources */ = {isa = PBXBuildFile; fileRef = 2C7E571F2A38655600C04517 /* Data.swift */; };
		2C7E57222A38655600C04517 /* Array.swift in Sources */ = {isa = PBXBuildFile; fileRef = 2C7E57202A38655600C04517 /* Array.swift */; };
		2C8C860B2A84373F001F9CB2 /* UtilsSQLStatement.swift in Sources */ = {isa = PBXBuildFile; fileRef = 2C8C860A2A84373F001F9CB2 /* UtilsSQLStatement.swift */; };
		2C8C860D2A84376D001F9CB2 /* UtilsDelete.swift in Sources */ = {isa = PBXBuildFile; fileRef = 2C8C860C2A84376D001F9CB2 /* UtilsDelete.swift */; };
		2C97B3FF2A6E999800A979E8 /* ImportData.swift in Sources */ = {isa = PBXBuildFile; fileRef = 2C97B3FE2A6E999800A979E8 /* ImportData.swift */; };
		2CB4368728EEEFF500C973AA /* UtilsDownloadFromHTTP.swift in Sources */ = {isa = PBXBuildFile; fileRef = 2CB4368628EEEFF500C973AA /* UtilsDownloadFromHTTP.swift */; };
		2CB89AE327C57603001F464B /* BiometricIDAuthentication.swift in Sources */ = {isa = PBXBuildFile; fileRef = 2CB89AE227C57603001F464B /* BiometricIDAuthentication.swift */; };
		2CB9B9342601EEE500743730 /* JsonSQLite.swift in Sources */ = {isa = PBXBuildFile; fileRef = 2CB9B9312601EEE500743730 /* JsonSQLite.swift */; };
		2CB9B9352601EEE500743730 /* ImportFromJson.swift in Sources */ = {isa = PBXBuildFile; fileRef = 2CB9B9322601EEE500743730 /* ImportFromJson.swift */; };
		2CB9B9362601EEE500743730 /* ExportToJson.swift in Sources */ = {isa = PBXBuildFile; fileRef = 2CB9B9332601EEE500743730 /* ExportToJson.swift */; };
		2CB9B93A2601EF3700743730 /* UtilsMigrate.swift in Sources */ = {isa = PBXBuildFile; fileRef = 2CB9B9392601EF3700743730 /* UtilsMigrate.swift */; };
		2CBB5E0426333DD2000FA0A6 /* Notification.Name.swift in Sources */ = {isa = PBXBuildFile; fileRef = 2CBB5E0326333DD2000FA0A6 /* Notification.Name.swift */; };
		2CC9CBC226413B9F002028BF /* UtilsSecret.swift in Sources */ = {isa = PBXBuildFile; fileRef = 2CC9CBC126413B9F002028BF /* UtilsSecret.swift */; };
		2CC9CBD8264142FF002028BF /* KeychainServices.swift in Sources */ = {isa = PBXBuildFile; fileRef = 2CC9CBD7264142FF002028BF /* KeychainServices.swift */; };
		2CDB5FF227822D7B0040BBA3 /* SqliteConfig.swift in Sources */ = {isa = PBXBuildFile; fileRef = 2CDB5FF127822D7B0040BBA3 /* SqliteConfig.swift */; };
		2F98D68224C9AAE500613A4C /* CapacitorSQLite.swift in Sources */ = {isa = PBXBuildFile; fileRef = 2F98D68124C9AAE400613A4C /* CapacitorSQLite.swift */; };
		50ADFF92201F53D600D50D53 /* Plugin.framework in Frameworks */ = {isa = PBXBuildFile; fileRef = 50ADFF88201F53D600D50D53 /* Plugin.framework */; };
		50ADFF97201F53D600D50D53 /* CapacitorSQLitePluginTests.swift in Sources */ = {isa = PBXBuildFile; fileRef = 50ADFF96201F53D600D50D53 /* CapacitorSQLitePluginTests.swift */; };
		50ADFF99201F53D600D50D53 /* CapacitorSQLitePlugin.h in Headers */ = {isa = PBXBuildFile; fileRef = 50ADFF8B201F53D600D50D53 /* CapacitorSQLitePlugin.h */; settings = {ATTRIBUTES = (Public, ); }; };
		50ADFFA42020D75100D50D53 /* Capacitor.framework in Frameworks */ = {isa = PBXBuildFile; fileRef = 50ADFFA52020D75100D50D53 /* Capacitor.framework */; };
		50ADFFA82020EE4F00D50D53 /* CapacitorSQLitePlugin.m in Sources */ = {isa = PBXBuildFile; fileRef = 50ADFFA72020EE4F00D50D53 /* CapacitorSQLitePlugin.m */; };
		50E1A94820377CB70090CE1A /* CapacitorSQLitePlugin.swift in Sources */ = {isa = PBXBuildFile; fileRef = 50E1A94720377CB70090CE1A /* CapacitorSQLitePlugin.swift */; };
/* End PBXBuildFile section */

/* Begin PBXContainerItemProxy section */
		50ADFF93201F53D600D50D53 /* PBXContainerItemProxy */ = {
			isa = PBXContainerItemProxy;
			containerPortal = 50ADFF7F201F53D600D50D53 /* Project object */;
			proxyType = 1;
			remoteGlobalIDString = 50ADFF87201F53D600D50D53;
			remoteInfo = Plugin;
		};
/* End PBXContainerItemProxy section */

/* Begin PBXFileReference section */
		2C2352C3276C8195003978B4 /* UtilsNCDatabase.swift */ = {isa = PBXFileReference; lastKnownFileType = sourcecode.swift; path = UtilsNCDatabase.swift; sourceTree = "<group>"; };
		2C3AF2EB25B58C3400C5EF2F /* ReturnHandler.swift */ = {isa = PBXFileReference; lastKnownFileType = sourcecode.swift; path = ReturnHandler.swift; sourceTree = "<group>"; };
		2C3AF2EF25B58E8500C5EF2F /* GlobalSQLite.swift */ = {isa = PBXFileReference; lastKnownFileType = sourcecode.swift; path = GlobalSQLite.swift; sourceTree = "<group>"; };
		2C3AF2F325B58EC400C5EF2F /* Database.swift */ = {isa = PBXFileReference; lastKnownFileType = sourcecode.swift; path = Database.swift; sourceTree = "<group>"; };
		2C3AF2F825B591ED00C5EF2F /* UtilsBinding.swift */ = {isa = PBXFileReference; lastKnownFileType = sourcecode.swift; path = UtilsBinding.swift; sourceTree = "<group>"; };
		2C3AF30525B592FD00C5EF2F /* UtilsDrop.swift */ = {isa = PBXFileReference; lastKnownFileType = sourcecode.swift; path = UtilsDrop.swift; sourceTree = "<group>"; };
		2C3AF30925B5932B00C5EF2F /* UtilsEncryption.swift */ = {isa = PBXFileReference; lastKnownFileType = sourcecode.swift; path = UtilsEncryption.swift; sourceTree = "<group>"; };
		2C3AF30D25B5935B00C5EF2F /* UtilsFile.swift */ = {isa = PBXFileReference; lastKnownFileType = sourcecode.swift; path = UtilsFile.swift; sourceTree = "<group>"; };
		2C3AF31125B5938500C5EF2F /* UtilsJson.swift */ = {isa = PBXFileReference; lastKnownFileType = sourcecode.swift; path = UtilsJson.swift; sourceTree = "<group>"; };
		2C3AF31525B593B600C5EF2F /* UtilsSQLCipher.swift */ = {isa = PBXFileReference; lastKnownFileType = sourcecode.swift; path = UtilsSQLCipher.swift; sourceTree = "<group>"; };
		2C3AF31925B593E500C5EF2F /* UtilsUpgrade.swift */ = {isa = PBXFileReference; lastKnownFileType = sourcecode.swift; path = UtilsUpgrade.swift; sourceTree = "<group>"; };
		2C479B9125BD874C009B1A49 /* Security.framework */ = {isa = PBXFileReference; lastKnownFileType = wrapper.framework; name = Security.framework; path = Platforms/MacOSX.platform/Developer/SDKs/MacOSX11.1.sdk/System/Library/Frameworks/Security.framework; sourceTree = DEVELOPER_DIR; };
		2C772262262FF971000C65E9 /* String.swift */ = {isa = PBXFileReference; lastKnownFileType = sourcecode.swift; path = String.swift; sourceTree = "<group>"; };
		2C7E571F2A38655600C04517 /* Data.swift */ = {isa = PBXFileReference; fileEncoding = 4; lastKnownFileType = sourcecode.swift; path = Data.swift; sourceTree = "<group>"; };
		2C7E57202A38655600C04517 /* Array.swift */ = {isa = PBXFileReference; fileEncoding = 4; lastKnownFileType = sourcecode.swift; path = Array.swift; sourceTree = "<group>"; };
		2C8C860A2A84373F001F9CB2 /* UtilsSQLStatement.swift */ = {isa = PBXFileReference; lastKnownFileType = sourcecode.swift; path = UtilsSQLStatement.swift; sourceTree = "<group>"; };
		2C8C860C2A84376D001F9CB2 /* UtilsDelete.swift */ = {isa = PBXFileReference; lastKnownFileType = sourcecode.swift; path = UtilsDelete.swift; sourceTree = "<group>"; };
		2C97B3FE2A6E999800A979E8 /* ImportData.swift */ = {isa = PBXFileReference; fileEncoding = 4; lastKnownFileType = sourcecode.swift; path = ImportData.swift; sourceTree = "<group>"; };
		2CB4368628EEEFF500C973AA /* UtilsDownloadFromHTTP.swift */ = {isa = PBXFileReference; lastKnownFileType = sourcecode.swift; path = UtilsDownloadFromHTTP.swift; sourceTree = "<group>"; };
		2CB89AE227C57603001F464B /* BiometricIDAuthentication.swift */ = {isa = PBXFileReference; lastKnownFileType = sourcecode.swift; path = BiometricIDAuthentication.swift; sourceTree = "<group>"; };
		2CB9B9312601EEE500743730 /* JsonSQLite.swift */ = {isa = PBXFileReference; fileEncoding = 4; lastKnownFileType = sourcecode.swift; path = JsonSQLite.swift; sourceTree = "<group>"; };
		2CB9B9322601EEE500743730 /* ImportFromJson.swift */ = {isa = PBXFileReference; fileEncoding = 4; lastKnownFileType = sourcecode.swift; path = ImportFromJson.swift; sourceTree = "<group>"; };
		2CB9B9332601EEE500743730 /* ExportToJson.swift */ = {isa = PBXFileReference; fileEncoding = 4; lastKnownFileType = sourcecode.swift; path = ExportToJson.swift; sourceTree = "<group>"; };
		2CB9B9392601EF3700743730 /* UtilsMigrate.swift */ = {isa = PBXFileReference; fileEncoding = 4; lastKnownFileType = sourcecode.swift; path = UtilsMigrate.swift; sourceTree = "<group>"; };
		2CBB5E0326333DD2000FA0A6 /* Notification.Name.swift */ = {isa = PBXFileReference; fileEncoding = 4; lastKnownFileType = sourcecode.swift; path = Notification.Name.swift; sourceTree = "<group>"; };
		2CC9CBC126413B9F002028BF /* UtilsSecret.swift */ = {isa = PBXFileReference; lastKnownFileType = sourcecode.swift; path = UtilsSecret.swift; sourceTree = "<group>"; };
		2CC9CBD7264142FF002028BF /* KeychainServices.swift */ = {isa = PBXFileReference; lastKnownFileType = sourcecode.swift; path = KeychainServices.swift; sourceTree = "<group>"; };
		2CDB5FF127822D7B0040BBA3 /* SqliteConfig.swift */ = {isa = PBXFileReference; lastKnownFileType = sourcecode.swift; path = SqliteConfig.swift; sourceTree = "<group>"; };
		2F98D68124C9AAE400613A4C /* CapacitorSQLite.swift */ = {isa = PBXFileReference; fileEncoding = 4; lastKnownFileType = sourcecode.swift; path = CapacitorSQLite.swift; sourceTree = "<group>"; };
		3B2A61DA5A1F2DD4F959604D /* Pods_Plugin.framework */ = {isa = PBXFileReference; explicitFileType = wrapper.framework; includeInIndex = 0; path = Pods_Plugin.framework; sourceTree = BUILT_PRODUCTS_DIR; };
		50ADFF88201F53D600D50D53 /* Plugin.framework */ = {isa = PBXFileReference; explicitFileType = wrapper.framework; includeInIndex = 0; path = Plugin.framework; sourceTree = BUILT_PRODUCTS_DIR; };
		50ADFF8B201F53D600D50D53 /* CapacitorSQLitePlugin.h */ = {isa = PBXFileReference; lastKnownFileType = sourcecode.c.h; path = CapacitorSQLitePlugin.h; sourceTree = "<group>"; };
		50ADFF8C201F53D600D50D53 /* Info.plist */ = {isa = PBXFileReference; lastKnownFileType = text.plist.xml; path = Info.plist; sourceTree = "<group>"; };
		50ADFF91201F53D600D50D53 /* PluginTests.xctest */ = {isa = PBXFileReference; explicitFileType = wrapper.cfbundle; includeInIndex = 0; path = PluginTests.xctest; sourceTree = BUILT_PRODUCTS_DIR; };
		50ADFF96201F53D600D50D53 /* CapacitorSQLitePluginTests.swift */ = {isa = PBXFileReference; lastKnownFileType = sourcecode.swift; path = CapacitorSQLitePluginTests.swift; sourceTree = "<group>"; };
		50ADFF98201F53D600D50D53 /* Info.plist */ = {isa = PBXFileReference; lastKnownFileType = text.plist.xml; path = Info.plist; sourceTree = "<group>"; };
		50ADFFA52020D75100D50D53 /* Capacitor.framework */ = {isa = PBXFileReference; explicitFileType = wrapper.framework; path = Capacitor.framework; sourceTree = BUILT_PRODUCTS_DIR; };
		50ADFFA72020EE4F00D50D53 /* CapacitorSQLitePlugin.m */ = {isa = PBXFileReference; lastKnownFileType = sourcecode.c.objc; path = CapacitorSQLitePlugin.m; sourceTree = "<group>"; };
		50E1A94720377CB70090CE1A /* CapacitorSQLitePlugin.swift */ = {isa = PBXFileReference; fileEncoding = 4; lastKnownFileType = sourcecode.swift; path = CapacitorSQLitePlugin.swift; sourceTree = "<group>"; };
		5E23F77F099397094342571A /* Pods-Plugin.debug.xcconfig */ = {isa = PBXFileReference; includeInIndex = 1; lastKnownFileType = text.xcconfig; name = "Pods-Plugin.debug.xcconfig"; path = "Pods/Target Support Files/Pods-Plugin/Pods-Plugin.debug.xcconfig"; sourceTree = "<group>"; };
		91781294A431A2A7CC6EB714 /* Pods-Plugin.release.xcconfig */ = {isa = PBXFileReference; includeInIndex = 1; lastKnownFileType = text.xcconfig; name = "Pods-Plugin.release.xcconfig"; path = "Pods/Target Support Files/Pods-Plugin/Pods-Plugin.release.xcconfig"; sourceTree = "<group>"; };
		96ED1B6440D6672E406C8D19 /* Pods-PluginTests.debug.xcconfig */ = {isa = PBXFileReference; includeInIndex = 1; lastKnownFileType = text.xcconfig; name = "Pods-PluginTests.debug.xcconfig"; path = "Pods/Target Support Files/Pods-PluginTests/Pods-PluginTests.debug.xcconfig"; sourceTree = "<group>"; };
		F65BB2953ECE002E1EF3E424 /* Pods-PluginTests.release.xcconfig */ = {isa = PBXFileReference; includeInIndex = 1; lastKnownFileType = text.xcconfig; name = "Pods-PluginTests.release.xcconfig"; path = "Pods/Target Support Files/Pods-PluginTests/Pods-PluginTests.release.xcconfig"; sourceTree = "<group>"; };
		F6753A823D3815DB436415E3 /* Pods_PluginTests.framework */ = {isa = PBXFileReference; explicitFileType = wrapper.framework; includeInIndex = 0; path = Pods_PluginTests.framework; sourceTree = BUILT_PRODUCTS_DIR; };
/* End PBXFileReference section */

/* Begin PBXFrameworksBuildPhase section */
		50ADFF84201F53D600D50D53 /* Frameworks */ = {
			isa = PBXFrameworksBuildPhase;
			buildActionMask = 2147483647;
			files = (
				2C479B9225BD874C009B1A49 /* Security.framework in Frameworks */,
				50ADFFA42020D75100D50D53 /* Capacitor.framework in Frameworks */,
				03FC29A292ACC40490383A1F /* Pods_Plugin.framework in Frameworks */,
			);
			runOnlyForDeploymentPostprocessing = 0;
		};
		50ADFF8E201F53D600D50D53 /* Frameworks */ = {
			isa = PBXFrameworksBuildPhase;
			buildActionMask = 2147483647;
			files = (
				50ADFF92201F53D600D50D53 /* Plugin.framework in Frameworks */,
				20C0B05DCFC8E3958A738AF2 /* Pods_PluginTests.framework in Frameworks */,
			);
			runOnlyForDeploymentPostprocessing = 0;
		};
/* End PBXFrameworksBuildPhase section */

/* Begin PBXGroup section */
		2C3AF2F725B591BC00C5EF2F /* Utils */ = {
			isa = PBXGroup;
			children = (
				2C3AF2F825B591ED00C5EF2F /* UtilsBinding.swift */,
				2C8C860C2A84376D001F9CB2 /* UtilsDelete.swift */,
				2CB4368628EEEFF500C973AA /* UtilsDownloadFromHTTP.swift */,
				2C3AF30525B592FD00C5EF2F /* UtilsDrop.swift */,
				2C3AF30925B5932B00C5EF2F /* UtilsEncryption.swift */,
				2C3AF30D25B5935B00C5EF2F /* UtilsFile.swift */,
				2C3AF31125B5938500C5EF2F /* UtilsJson.swift */,
				2CB9B9392601EF3700743730 /* UtilsMigrate.swift */,
				2C2352C3276C8195003978B4 /* UtilsNCDatabase.swift */,
				2CC9CBC126413B9F002028BF /* UtilsSecret.swift */,
				2C3AF31525B593B600C5EF2F /* UtilsSQLCipher.swift */,
				2C8C860A2A84373F001F9CB2 /* UtilsSQLStatement.swift */,
				2C3AF31925B593E500C5EF2F /* UtilsUpgrade.swift */,
			);
			path = Utils;
			sourceTree = "<group>";
		};
		2C772261262FF94E000C65E9 /* Extensions */ = {
			isa = PBXGroup;
			children = (
				2C7E57202A38655600C04517 /* Array.swift */,
				2C7E571F2A38655600C04517 /* Data.swift */,
				2CBB5E0326333DD2000FA0A6 /* Notification.Name.swift */,
				2C772262262FF971000C65E9 /* String.swift */,
			);
			path = Extensions;
			sourceTree = "<group>";
		};
		2CB9B9302601EEE500743730 /* ImportExportJson */ = {
			isa = PBXGroup;
			children = (
				2CB9B9332601EEE500743730 /* ExportToJson.swift */,
				2C97B3FE2A6E999800A979E8 /* ImportData.swift */,
				2CB9B9322601EEE500743730 /* ImportFromJson.swift */,
				2CB9B9312601EEE500743730 /* JsonSQLite.swift */,
			);
			path = ImportExportJson;
			sourceTree = "<group>";
		};
		2CC9CBD6264142CB002028BF /* Models */ = {
			isa = PBXGroup;
			children = (
				2CC9CBD7264142FF002028BF /* KeychainServices.swift */,
			);
			path = Models;
			sourceTree = "<group>";
		};
		50ADFF7E201F53D600D50D53 = {
			isa = PBXGroup;
			children = (
				50ADFF8A201F53D600D50D53 /* Plugin */,
				50ADFF95201F53D600D50D53 /* PluginTests */,
				50ADFF89201F53D600D50D53 /* Products */,
				8C8E7744173064A9F6D438E3 /* Pods */,
				A797B9EFA3DCEFEA1FBB66A9 /* Frameworks */,
			);
			sourceTree = "<group>";
		};
		50ADFF89201F53D600D50D53 /* Products */ = {
			isa = PBXGroup;
			children = (
				50ADFF88201F53D600D50D53 /* Plugin.framework */,
				50ADFF91201F53D600D50D53 /* PluginTests.xctest */,
			);
			name = Products;
			sourceTree = "<group>";
		};
		50ADFF8A201F53D600D50D53 /* Plugin */ = {
			isa = PBXGroup;
			children = (
				2CC9CBD6264142CB002028BF /* Models */,
				2C772261262FF94E000C65E9 /* Extensions */,
				2CB9B9302601EEE500743730 /* ImportExportJson */,
				2C3AF2F725B591BC00C5EF2F /* Utils */,
				2F98D68124C9AAE400613A4C /* CapacitorSQLite.swift */,
				50E1A94720377CB70090CE1A /* CapacitorSQLitePlugin.swift */,
				50ADFF8B201F53D600D50D53 /* CapacitorSQLitePlugin.h */,
				50ADFFA72020EE4F00D50D53 /* CapacitorSQLitePlugin.m */,
				50ADFF8C201F53D600D50D53 /* Info.plist */,
				2CB89AE227C57603001F464B /* BiometricIDAuthentication.swift */,
				2C3AF2F325B58EC400C5EF2F /* Database.swift */,
				2C3AF2EF25B58E8500C5EF2F /* GlobalSQLite.swift */,
				2C3AF2EB25B58C3400C5EF2F /* ReturnHandler.swift */,
				2CDB5FF127822D7B0040BBA3 /* SqliteConfig.swift */,
			);
			path = Plugin;
			sourceTree = "<group>";
		};
		50ADFF95201F53D600D50D53 /* PluginTests */ = {
			isa = PBXGroup;
			children = (
				50ADFF96201F53D600D50D53 /* CapacitorSQLitePluginTests.swift */,
				50ADFF98201F53D600D50D53 /* Info.plist */,
			);
			path = PluginTests;
			sourceTree = "<group>";
		};
		8C8E7744173064A9F6D438E3 /* Pods */ = {
			isa = PBXGroup;
			children = (
				5E23F77F099397094342571A /* Pods-Plugin.debug.xcconfig */,
				91781294A431A2A7CC6EB714 /* Pods-Plugin.release.xcconfig */,
				96ED1B6440D6672E406C8D19 /* Pods-PluginTests.debug.xcconfig */,
				F65BB2953ECE002E1EF3E424 /* Pods-PluginTests.release.xcconfig */,
			);
			name = Pods;
			sourceTree = "<group>";
		};
		A797B9EFA3DCEFEA1FBB66A9 /* Frameworks */ = {
			isa = PBXGroup;
			children = (
				2C479B9125BD874C009B1A49 /* Security.framework */,
				50ADFFA52020D75100D50D53 /* Capacitor.framework */,
				3B2A61DA5A1F2DD4F959604D /* Pods_Plugin.framework */,
				F6753A823D3815DB436415E3 /* Pods_PluginTests.framework */,
			);
			name = Frameworks;
			sourceTree = "<group>";
		};
/* End PBXGroup section */

/* Begin PBXHeadersBuildPhase section */
		50ADFF85201F53D600D50D53 /* Headers */ = {
			isa = PBXHeadersBuildPhase;
			buildActionMask = 2147483647;
			files = (
				50ADFF99201F53D600D50D53 /* CapacitorSQLitePlugin.h in Headers */,
			);
			runOnlyForDeploymentPostprocessing = 0;
		};
/* End PBXHeadersBuildPhase section */

/* Begin PBXNativeTarget section */
		50ADFF87201F53D600D50D53 /* Plugin */ = {
			isa = PBXNativeTarget;
			buildConfigurationList = 50ADFF9C201F53D600D50D53 /* Build configuration list for PBXNativeTarget "Plugin" */;
			buildPhases = (
				AB5B3E54B4E897F32C2279DA /* [CP] Check Pods Manifest.lock */,
				50ADFF83201F53D600D50D53 /* Sources */,
				50ADFF84201F53D600D50D53 /* Frameworks */,
				50ADFF85201F53D600D50D53 /* Headers */,
				50ADFF86201F53D600D50D53 /* Resources */,
			);
			buildRules = (
			);
			dependencies = (
			);
			name = Plugin;
			productName = Plugin;
			productReference = 50ADFF88201F53D600D50D53 /* Plugin.framework */;
			productType = "com.apple.product-type.framework";
		};
		50ADFF90201F53D600D50D53 /* PluginTests */ = {
			isa = PBXNativeTarget;
			buildConfigurationList = 50ADFF9F201F53D600D50D53 /* Build configuration list for PBXNativeTarget "PluginTests" */;
			buildPhases = (
				0596884F929ED6F1DE134961 /* [CP] Check Pods Manifest.lock */,
				50ADFF8D201F53D600D50D53 /* Sources */,
				50ADFF8E201F53D600D50D53 /* Frameworks */,
				50ADFF8F201F53D600D50D53 /* Resources */,
				8E97F58B69A94C6503FC9C85 /* [CP] Embed Pods Frameworks */,
			);
			buildRules = (
			);
			dependencies = (
				50ADFF94201F53D600D50D53 /* PBXTargetDependency */,
			);
			name = PluginTests;
			productName = PluginTests;
			productReference = 50ADFF91201F53D600D50D53 /* PluginTests.xctest */;
			productType = "com.apple.product-type.bundle.unit-test";
		};
/* End PBXNativeTarget section */

/* Begin PBXProject section */
		50ADFF7F201F53D600D50D53 /* Project object */ = {
			isa = PBXProject;
			attributes = {
				LastSwiftUpdateCheck = 0920;
				LastUpgradeCheck = 1160;
				ORGANIZATIONNAME = "Max Lynch";
				TargetAttributes = {
					50ADFF87201F53D600D50D53 = {
						CreatedOnToolsVersion = 9.2;
						LastSwiftMigration = 1100;
						ProvisioningStyle = Automatic;
					};
					50ADFF90201F53D600D50D53 = {
						CreatedOnToolsVersion = 9.2;
						LastSwiftMigration = 1100;
						ProvisioningStyle = Automatic;
					};
				};
			};
			buildConfigurationList = 50ADFF82201F53D600D50D53 /* Build configuration list for PBXProject "Plugin" */;
			compatibilityVersion = "Xcode 8.0";
			developmentRegion = en;
			hasScannedForEncodings = 0;
			knownRegions = (
				en,
				Base,
			);
			mainGroup = 50ADFF7E201F53D600D50D53;
			productRefGroup = 50ADFF89201F53D600D50D53 /* Products */;
			projectDirPath = "";
			projectRoot = "";
			targets = (
				50ADFF87201F53D600D50D53 /* Plugin */,
				50ADFF90201F53D600D50D53 /* PluginTests */,
			);
		};
/* End PBXProject section */

/* Begin PBXResourcesBuildPhase section */
		50ADFF86201F53D600D50D53 /* Resources */ = {
			isa = PBXResourcesBuildPhase;
			buildActionMask = 2147483647;
			files = (
			);
			runOnlyForDeploymentPostprocessing = 0;
		};
		50ADFF8F201F53D600D50D53 /* Resources */ = {
			isa = PBXResourcesBuildPhase;
			buildActionMask = 2147483647;
			files = (
			);
			runOnlyForDeploymentPostprocessing = 0;
		};
/* End PBXResourcesBuildPhase section */

/* Begin PBXShellScriptBuildPhase section */
		0596884F929ED6F1DE134961 /* [CP] Check Pods Manifest.lock */ = {
			isa = PBXShellScriptBuildPhase;
			buildActionMask = 2147483647;
			files = (
			);
			inputPaths = (
				"${PODS_PODFILE_DIR_PATH}/Podfile.lock",
				"${PODS_ROOT}/Manifest.lock",
			);
			name = "[CP] Check Pods Manifest.lock";
			outputPaths = (
				"$(DERIVED_FILE_DIR)/Pods-PluginTests-checkManifestLockResult.txt",
			);
			runOnlyForDeploymentPostprocessing = 0;
			shellPath = /bin/sh;
			shellScript = "diff \"${PODS_PODFILE_DIR_PATH}/Podfile.lock\" \"${PODS_ROOT}/Manifest.lock\" > /dev/null\nif [ $? != 0 ] ; then\n    # print error to STDERR\n    echo \"error: The sandbox is not in sync with the Podfile.lock. Run 'pod install' or update your CocoaPods installation.\" >&2\n    exit 1\nfi\n# This output is used by Xcode 'outputs' to avoid re-running this script phase.\necho \"SUCCESS\" > \"${SCRIPT_OUTPUT_FILE_0}\"\n";
			showEnvVarsInLog = 0;
		};
		8E97F58B69A94C6503FC9C85 /* [CP] Embed Pods Frameworks */ = {
			isa = PBXShellScriptBuildPhase;
			buildActionMask = 2147483647;
			files = (
			);
			inputPaths = (
				"${PODS_ROOT}/Target Support Files/Pods-PluginTests/Pods-PluginTests-frameworks.sh",
				"${BUILT_PRODUCTS_DIR}/Capacitor/Capacitor.framework",
				"${BUILT_PRODUCTS_DIR}/CapacitorCordova/Cordova.framework",
				"${BUILT_PRODUCTS_DIR}/SQLCipher/SQLCipher.framework",
				"${BUILT_PRODUCTS_DIR}/ZIPFoundation/ZIPFoundation.framework",
			);
			name = "[CP] Embed Pods Frameworks";
			outputPaths = (
				"${TARGET_BUILD_DIR}/${FRAMEWORKS_FOLDER_PATH}/Capacitor.framework",
				"${TARGET_BUILD_DIR}/${FRAMEWORKS_FOLDER_PATH}/Cordova.framework",
				"${TARGET_BUILD_DIR}/${FRAMEWORKS_FOLDER_PATH}/SQLCipher.framework",
				"${TARGET_BUILD_DIR}/${FRAMEWORKS_FOLDER_PATH}/ZIPFoundation.framework",
			);
			runOnlyForDeploymentPostprocessing = 0;
			shellPath = /bin/sh;
			shellScript = "\"${PODS_ROOT}/Target Support Files/Pods-PluginTests/Pods-PluginTests-frameworks.sh\"\n";
			showEnvVarsInLog = 0;
		};
		AB5B3E54B4E897F32C2279DA /* [CP] Check Pods Manifest.lock */ = {
			isa = PBXShellScriptBuildPhase;
			buildActionMask = 2147483647;
			files = (
			);
			inputPaths = (
				"${PODS_PODFILE_DIR_PATH}/Podfile.lock",
				"${PODS_ROOT}/Manifest.lock",
			);
			name = "[CP] Check Pods Manifest.lock";
			outputPaths = (
				"$(DERIVED_FILE_DIR)/Pods-Plugin-checkManifestLockResult.txt",
			);
			runOnlyForDeploymentPostprocessing = 0;
			shellPath = /bin/sh;
			shellScript = "diff \"${PODS_PODFILE_DIR_PATH}/Podfile.lock\" \"${PODS_ROOT}/Manifest.lock\" > /dev/null\nif [ $? != 0 ] ; then\n    # print error to STDERR\n    echo \"error: The sandbox is not in sync with the Podfile.lock. Run 'pod install' or update your CocoaPods installation.\" >&2\n    exit 1\nfi\n# This output is used by Xcode 'outputs' to avoid re-running this script phase.\necho \"SUCCESS\" > \"${SCRIPT_OUTPUT_FILE_0}\"\n";
			showEnvVarsInLog = 0;
		};
/* End PBXShellScriptBuildPhase section */

/* Begin PBXSourcesBuildPhase section */
		50ADFF83201F53D600D50D53 /* Sources */ = {
			isa = PBXSourcesBuildPhase;
			buildActionMask = 2147483647;
			files = (
				2CBB5E0426333DD2000FA0A6 /* Notification.Name.swift in Sources */,
				2CB9B9342601EEE500743730 /* JsonSQLite.swift in Sources */,
				2C3AF30625B592FD00C5EF2F /* UtilsDrop.swift in Sources */,
				2C3AF2F425B58EC400C5EF2F /* Database.swift in Sources */,
				2CB9B9352601EEE500743730 /* ImportFromJson.swift in Sources */,
				2C8C860D2A84376D001F9CB2 /* UtilsDelete.swift in Sources */,
				2C7E57222A38655600C04517 /* Array.swift in Sources */,
				2C3AF2EC25B58C3400C5EF2F /* ReturnHandler.swift in Sources */,
				2CDB5FF227822D7B0040BBA3 /* SqliteConfig.swift in Sources */,
				50E1A94820377CB70090CE1A /* CapacitorSQLitePlugin.swift in Sources */,
				2C3AF2F025B58E8500C5EF2F /* GlobalSQLite.swift in Sources */,
				2C3AF30E25B5935B00C5EF2F /* UtilsFile.swift in Sources */,
				2CC9CBD8264142FF002028BF /* KeychainServices.swift in Sources */,
				2C97B3FF2A6E999800A979E8 /* ImportData.swift in Sources */,
				2C3AF2F925B591ED00C5EF2F /* UtilsBinding.swift in Sources */,
				2C3AF31625B593B600C5EF2F /* UtilsSQLCipher.swift in Sources */,
				2CC9CBC226413B9F002028BF /* UtilsSecret.swift in Sources */,
				2C7E57212A38655600C04517 /* Data.swift in Sources */,
				2C3AF30A25B5932B00C5EF2F /* UtilsEncryption.swift in Sources */,
				2F98D68224C9AAE500613A4C /* CapacitorSQLite.swift in Sources */,
				2C772263262FF971000C65E9 /* String.swift in Sources */,
				2CB9B93A2601EF3700743730 /* UtilsMigrate.swift in Sources */,
				2CB4368728EEEFF500C973AA /* UtilsDownloadFromHTTP.swift in Sources */,
				2C8C860B2A84373F001F9CB2 /* UtilsSQLStatement.swift in Sources */,
				50ADFFA82020EE4F00D50D53 /* CapacitorSQLitePlugin.m in Sources */,
				2C3AF31A25B593E500C5EF2F /* UtilsUpgrade.swift in Sources */,
				2C3AF31225B5938500C5EF2F /* UtilsJson.swift in Sources */,
				2CB89AE327C57603001F464B /* BiometricIDAuthentication.swift in Sources */,
				2CB9B9362601EEE500743730 /* ExportToJson.swift in Sources */,
				2C2352C4276C8195003978B4 /* UtilsNCDatabase.swift in Sources */,
			);
			runOnlyForDeploymentPostprocessing = 0;
		};
		50ADFF8D201F53D600D50D53 /* Sources */ = {
			isa = PBXSourcesBuildPhase;
			buildActionMask = 2147483647;
			files = (
				50ADFF97201F53D600D50D53 /* CapacitorSQLitePluginTests.swift in Sources */,
			);
			runOnlyForDeploymentPostprocessing = 0;
		};
/* End PBXSourcesBuildPhase section */

/* Begin PBXTargetDependency section */
		50ADFF94201F53D600D50D53 /* PBXTargetDependency */ = {
			isa = PBXTargetDependency;
			target = 50ADFF87201F53D600D50D53 /* Plugin */;
			targetProxy = 50ADFF93201F53D600D50D53 /* PBXContainerItemProxy */;
		};
/* End PBXTargetDependency section */

/* Begin XCBuildConfiguration section */
		50ADFF9A201F53D600D50D53 /* Debug */ = {
			isa = XCBuildConfiguration;
			buildSettings = {
				ALWAYS_SEARCH_USER_PATHS = NO;
				CLANG_ANALYZER_NONNULL = YES;
				CLANG_ANALYZER_NUMBER_OBJECT_CONVERSION = YES_AGGRESSIVE;
				CLANG_CXX_LANGUAGE_STANDARD = "gnu++14";
				CLANG_CXX_LIBRARY = "libc++";
				CLANG_ENABLE_MODULES = YES;
				CLANG_ENABLE_OBJC_ARC = YES;
				CLANG_WARN_BLOCK_CAPTURE_AUTORELEASING = YES;
				CLANG_WARN_BOOL_CONVERSION = YES;
				CLANG_WARN_COMMA = YES;
				CLANG_WARN_CONSTANT_CONVERSION = YES;
				CLANG_WARN_DEPRECATED_OBJC_IMPLEMENTATIONS = YES;
				CLANG_WARN_DIRECT_OBJC_ISA_USAGE = YES_ERROR;
				CLANG_WARN_DOCUMENTATION_COMMENTS = YES;
				CLANG_WARN_EMPTY_BODY = YES;
				CLANG_WARN_ENUM_CONVERSION = YES;
				CLANG_WARN_INFINITE_RECURSION = YES;
				CLANG_WARN_INT_CONVERSION = YES;
				CLANG_WARN_NON_LITERAL_NULL_CONVERSION = YES;
				CLANG_WARN_OBJC_IMPLICIT_RETAIN_SELF = YES;
				CLANG_WARN_OBJC_LITERAL_CONVERSION = YES;
				CLANG_WARN_OBJC_ROOT_CLASS = YES_ERROR;
				CLANG_WARN_RANGE_LOOP_ANALYSIS = YES;
				CLANG_WARN_STRICT_PROTOTYPES = YES;
				CLANG_WARN_SUSPICIOUS_MOVE = YES;
				CLANG_WARN_UNGUARDED_AVAILABILITY = YES_AGGRESSIVE;
				CLANG_WARN_UNREACHABLE_CODE = YES;
				CLANG_WARN__DUPLICATE_METHOD_MATCH = YES;
				CODE_SIGN_IDENTITY = "iPhone Developer";
				COPY_PHASE_STRIP = NO;
				CURRENT_PROJECT_VERSION = 1;
				DEBUG_INFORMATION_FORMAT = dwarf;
				ENABLE_STRICT_OBJC_MSGSEND = YES;
				ENABLE_TESTABILITY = YES;
				FRAMEWORK_SEARCH_PATHS = (
					"\"${BUILT_PRODUCTS_DIR}/Capacitor\"",
					"\"${BUILT_PRODUCTS_DIR}/CapacitorCordova\"",
				);
				GCC_C_LANGUAGE_STANDARD = gnu11;
				GCC_DYNAMIC_NO_PIC = NO;
				GCC_NO_COMMON_BLOCKS = YES;
				GCC_OPTIMIZATION_LEVEL = 0;
				GCC_PREPROCESSOR_DEFINITIONS = (
					"DEBUG=1",
					"$(inherited)",
				);
				GCC_WARN_64_TO_32_BIT_CONVERSION = YES;
				GCC_WARN_ABOUT_RETURN_TYPE = YES_ERROR;
				GCC_WARN_UNDECLARED_SELECTOR = YES;
				GCC_WARN_UNINITIALIZED_AUTOS = YES_AGGRESSIVE;
				GCC_WARN_UNUSED_FUNCTION = YES;
				GCC_WARN_UNUSED_VARIABLE = YES;
				IPHONEOS_DEPLOYMENT_TARGET = 13.0;
				MTL_ENABLE_DEBUG_INFO = YES;
				ONLY_ACTIVE_ARCH = YES;
				SDKROOT = iphoneos;
				SWIFT_ACTIVE_COMPILATION_CONDITIONS = DEBUG;
				SWIFT_OPTIMIZATION_LEVEL = "-Onone";
				VERSIONING_SYSTEM = "apple-generic";
				VERSION_INFO_PREFIX = "";
			};
			name = Debug;
		};
		50ADFF9B201F53D600D50D53 /* Release */ = {
			isa = XCBuildConfiguration;
			buildSettings = {
				ALWAYS_SEARCH_USER_PATHS = NO;
				CLANG_ANALYZER_NONNULL = YES;
				CLANG_ANALYZER_NUMBER_OBJECT_CONVERSION = YES_AGGRESSIVE;
				CLANG_CXX_LANGUAGE_STANDARD = "gnu++14";
				CLANG_CXX_LIBRARY = "libc++";
				CLANG_ENABLE_MODULES = YES;
				CLANG_ENABLE_OBJC_ARC = YES;
				CLANG_WARN_BLOCK_CAPTURE_AUTORELEASING = YES;
				CLANG_WARN_BOOL_CONVERSION = YES;
				CLANG_WARN_COMMA = YES;
				CLANG_WARN_CONSTANT_CONVERSION = YES;
				CLANG_WARN_DEPRECATED_OBJC_IMPLEMENTATIONS = YES;
				CLANG_WARN_DIRECT_OBJC_ISA_USAGE = YES_ERROR;
				CLANG_WARN_DOCUMENTATION_COMMENTS = YES;
				CLANG_WARN_EMPTY_BODY = YES;
				CLANG_WARN_ENUM_CONVERSION = YES;
				CLANG_WARN_INFINITE_RECURSION = YES;
				CLANG_WARN_INT_CONVERSION = YES;
				CLANG_WARN_NON_LITERAL_NULL_CONVERSION = YES;
				CLANG_WARN_OBJC_IMPLICIT_RETAIN_SELF = YES;
				CLANG_WARN_OBJC_LITERAL_CONVERSION = YES;
				CLANG_WARN_OBJC_ROOT_CLASS = YES_ERROR;
				CLANG_WARN_RANGE_LOOP_ANALYSIS = YES;
				CLANG_WARN_STRICT_PROTOTYPES = YES;
				CLANG_WARN_SUSPICIOUS_MOVE = YES;
				CLANG_WARN_UNGUARDED_AVAILABILITY = YES_AGGRESSIVE;
				CLANG_WARN_UNREACHABLE_CODE = YES;
				CLANG_WARN__DUPLICATE_METHOD_MATCH = YES;
				CODE_SIGN_IDENTITY = "iPhone Developer";
				COPY_PHASE_STRIP = NO;
				CURRENT_PROJECT_VERSION = 1;
				DEBUG_INFORMATION_FORMAT = "dwarf-with-dsym";
				ENABLE_NS_ASSERTIONS = NO;
				ENABLE_STRICT_OBJC_MSGSEND = YES;
				FRAMEWORK_SEARCH_PATHS = (
					"\"${BUILT_PRODUCTS_DIR}/Capacitor\"",
					"\"${BUILT_PRODUCTS_DIR}/CapacitorCordova\"",
				);
				GCC_C_LANGUAGE_STANDARD = gnu11;
				GCC_NO_COMMON_BLOCKS = YES;
				GCC_WARN_64_TO_32_BIT_CONVERSION = YES;
				GCC_WARN_ABOUT_RETURN_TYPE = YES_ERROR;
				GCC_WARN_UNDECLARED_SELECTOR = YES;
				GCC_WARN_UNINITIALIZED_AUTOS = YES_AGGRESSIVE;
				GCC_WARN_UNUSED_FUNCTION = YES;
				GCC_WARN_UNUSED_VARIABLE = YES;
				IPHONEOS_DEPLOYMENT_TARGET = 13.0;
				MTL_ENABLE_DEBUG_INFO = NO;
				SDKROOT = iphoneos;
				SWIFT_OPTIMIZATION_LEVEL = "-Owholemodule";
				VALIDATE_PRODUCT = YES;
				VERSIONING_SYSTEM = "apple-generic";
				VERSION_INFO_PREFIX = "";
			};
			name = Release;
		};
		50ADFF9D201F53D600D50D53 /* Debug */ = {
			isa = XCBuildConfiguration;
			baseConfigurationReference = 5E23F77F099397094342571A /* Pods-Plugin.debug.xcconfig */;
			buildSettings = {
				CLANG_ENABLE_MODULES = YES;
				CODE_SIGN_IDENTITY = "";
				CODE_SIGN_STYLE = Automatic;
				DEFINES_MODULE = YES;
				DYLIB_COMPATIBILITY_VERSION = 1;
				DYLIB_CURRENT_VERSION = 1;
				DYLIB_INSTALL_NAME_BASE = "@rpath";
				INFOPLIST_FILE = Plugin/Info.plist;
				INSTALL_PATH = "$(LOCAL_LIBRARY_DIR)/Frameworks";
				IPHONEOS_DEPLOYMENT_TARGET = 13.0;
				LD_RUNPATH_SEARCH_PATHS = "$(inherited) @executable_path/Frameworks @loader_path/Frameworks $(FRAMEWORK_SEARCH_PATHS)\n$(FRAMEWORK_SEARCH_PATHS)\n$(FRAMEWORK_SEARCH_PATHS)";
				ONLY_ACTIVE_ARCH = YES;
				OTHER_CFLAGS = (
					"$(inherited)",
					"-DSQLITE_HAS_CODEC",
					"-DSQLITE_TEMP_STORE=2",
					"-DSQLITE_SOUNDEX",
					"-DSQLITE_THREADSAFE",
					"-DSQLITE_ENABLE_RTREE",
					"-DSQLITE_ENABLE_STAT3",
					"-DSQLITE_ENABLE_STAT4",
					"-DSQLITE_ENABLE_COLUMN_METADATA",
					"-DSQLITE_ENABLE_MEMORY_MANAGEMENT",
					"-DSQLITE_ENABLE_LOAD_EXTENSION",
					"-DSQLITE_ENABLE_FTS4",
					"-DSQLITE_ENABLE_FTS4_UNICODE61",
					"-DSQLITE_ENABLE_FTS3_PARENTHESIS",
					"-DSQLITE_ENABLE_UNLOCK_NOTIFY",
					"-DSQLITE_ENABLE_JSON1",
					"-DSQLITE_ENABLE_FTS5",
					"-DSQLCIPHER_CRYPTO_CC",
					"-DHAVE_USLEEP=1",
					"-DSQLITE_MAX_VARIABLE_NUMBER=99999",
					"-DHAVE_GETHOSTUUID=0",
				);
				OTHER_CPLUSPLUSFLAGS = (
					"$(OTHER_CFLAGS)",
					"-DHAVE_GETHOSTUUID=0",
				);
				PRODUCT_BUNDLE_IDENTIFIER = com.getcapacitor.Plugin;
				PRODUCT_NAME = "$(TARGET_NAME:c99extidentifier)";
				SKIP_INSTALL = YES;
				SUPPORTS_MACCATALYST = YES;
				SWIFT_OPTIMIZATION_LEVEL = "-Onone";
				SWIFT_VERSION = 5.0;
				TARGETED_DEVICE_FAMILY = "1,2";
			};
			name = Debug;
		};
		50ADFF9E201F53D600D50D53 /* Release */ = {
			isa = XCBuildConfiguration;
			baseConfigurationReference = 91781294A431A2A7CC6EB714 /* Pods-Plugin.release.xcconfig */;
			buildSettings = {
				CLANG_ENABLE_MODULES = YES;
				CODE_SIGN_IDENTITY = "";
				CODE_SIGN_STYLE = Automatic;
				DEFINES_MODULE = YES;
				DYLIB_COMPATIBILITY_VERSION = 1;
				DYLIB_CURRENT_VERSION = 1;
				DYLIB_INSTALL_NAME_BASE = "@rpath";
				INFOPLIST_FILE = Plugin/Info.plist;
				INSTALL_PATH = "$(LOCAL_LIBRARY_DIR)/Frameworks";
				IPHONEOS_DEPLOYMENT_TARGET = 13.0;
				LD_RUNPATH_SEARCH_PATHS = "$(inherited) @executable_path/Frameworks @loader_path/Frameworks $(FRAMEWORK_SEARCH_PATHS)";
				ONLY_ACTIVE_ARCH = NO;
				OTHER_CFLAGS = (
					"$(inherited)",
					"-DSQLITE_HAS_CODEC",
					"-DSQLITE_TEMP_STORE=2",
					"-DSQLITE_SOUNDEX",
					"-DSQLITE_THREADSAFE",
					"-DSQLITE_ENABLE_RTREE",
					"-DSQLITE_ENABLE_STAT3",
					"-DSQLITE_ENABLE_STAT4",
					"-DSQLITE_ENABLE_COLUMN_METADATA",
					"-DSQLITE_ENABLE_MEMORY_MANAGEMENT",
					"-DSQLITE_ENABLE_LOAD_EXTENSION",
					"-DSQLITE_ENABLE_FTS4",
					"-DSQLITE_ENABLE_FTS4_UNICODE61",
					"-DSQLITE_ENABLE_FTS3_PARENTHESIS",
					"-DSQLITE_ENABLE_UNLOCK_NOTIFY",
					"-DSQLITE_ENABLE_JSON1",
					"-DSQLITE_ENABLE_FTS5",
					"-DSQLCIPHER_CRYPTO_CC",
					"-DHAVE_USLEEP=1",
					"-DSQLITE_MAX_VARIABLE_NUMBER=99999",
					"-DHAVE_GETHOSTUUID=0",
				);
				OTHER_CPLUSPLUSFLAGS = (
					"$(OTHER_CFLAGS)",
					"-DHAVE_GETHOSTUUID=0",
				);
				PRODUCT_BUNDLE_IDENTIFIER = com.getcapacitor.Plugin;
				PRODUCT_NAME = "$(TARGET_NAME:c99extidentifier)";
				SKIP_INSTALL = YES;
				SUPPORTS_MACCATALYST = YES;
				SWIFT_VERSION = 5.0;
				TARGETED_DEVICE_FAMILY = "1,2";
			};
			name = Release;
		};
		50ADFFA0201F53D600D50D53 /* Debug */ = {
			isa = XCBuildConfiguration;
			baseConfigurationReference = 96ED1B6440D6672E406C8D19 /* Pods-PluginTests.debug.xcconfig */;
			buildSettings = {
				CODE_SIGN_STYLE = Automatic;
				INFOPLIST_FILE = PluginTests/Info.plist;
				LD_RUNPATH_SEARCH_PATHS = "$(inherited) @executable_path/Frameworks @loader_path/Frameworks";
				PRODUCT_BUNDLE_IDENTIFIER = com.getcapacitor.PluginTests;
				PRODUCT_NAME = "$(TARGET_NAME)";
				SWIFT_VERSION = 5.0;
				TARGETED_DEVICE_FAMILY = "1,2";
			};
			name = Debug;
		};
		50ADFFA1201F53D600D50D53 /* Release */ = {
			isa = XCBuildConfiguration;
			baseConfigurationReference = F65BB2953ECE002E1EF3E424 /* Pods-PluginTests.release.xcconfig */;
			buildSettings = {
				CODE_SIGN_STYLE = Automatic;
				INFOPLIST_FILE = PluginTests/Info.plist;
				LD_RUNPATH_SEARCH_PATHS = "$(inherited) @executable_path/Frameworks @loader_path/Frameworks";
				PRODUCT_BUNDLE_IDENTIFIER = com.getcapacitor.PluginTests;
				PRODUCT_NAME = "$(TARGET_NAME)";
				SWIFT_VERSION = 5.0;
				TARGETED_DEVICE_FAMILY = "1,2";
			};
			name = Release;
		};
/* End XCBuildConfiguration section */

/* Begin XCConfigurationList section */
		50ADFF82201F53D600D50D53 /* Build configuration list for PBXProject "Plugin" */ = {
			isa = XCConfigurationList;
			buildConfigurations = (
				50ADFF9A201F53D600D50D53 /* Debug */,
				50ADFF9B201F53D600D50D53 /* Release */,
			);
			defaultConfigurationIsVisible = 0;
			defaultConfigurationName = Release;
		};
		50ADFF9C201F53D600D50D53 /* Build configuration list for PBXNativeTarget "Plugin" */ = {
			isa = XCConfigurationList;
			buildConfigurations = (
				50ADFF9D201F53D600D50D53 /* Debug */,
				50ADFF9E201F53D600D50D53 /* Release */,
			);
			defaultConfigurationIsVisible = 0;
			defaultConfigurationName = Release;
		};
		50ADFF9F201F53D600D50D53 /* Build configuration list for PBXNativeTarget "PluginTests" */ = {
			isa = XCConfigurationList;
			buildConfigurations = (
				50ADFFA0201F53D600D50D53 /* Debug */,
				50ADFFA1201F53D600D50D53 /* Release */,
			);
			defaultConfigurationIsVisible = 0;
			defaultConfigurationName = Release;
		};
/* End XCConfigurationList section */
	};
	rootObject = 50ADFF7F201F53D600D50D53 /* Project object */;
}
