PODS:
  - Capacitor (2.4.5):
    - CapacitorCordova
  - CapacitorCordova (2.4.5)
  - SQLCipher (4.4.0):
    - SQLCipher/standard (= 4.4.0)
  - SQLCipher/common (4.4.0)
  - SQLCipher/standard (4.4.0):
    - SQLCipher/common

DEPENDENCIES:
  - "Capacitor (from `../node_modules/@capacitor/ios`)"
  - "CapacitorCordova (from `../node_modules/@capacitor/ios`)"
  - SQLCipher (~> 4.4.0)

SPEC REPOS:
  trunk:
    - SQLCipher

EXTERNAL SOURCES:
  Capacitor:
    :path: "../node_modules/@capacitor/ios"
  CapacitorCordova:
    :path: "../node_modules/@capacitor/ios"

SPEC CHECKSUMS:
  Capacitor: 16fff19464a7d37e2f996e0994749b04111ed3f0
  CapacitorCordova: 4f552a757626d236959fd79e970b6b6a26efb859
  SQLCipher: e434ed542b24f38ea7b36468a13f9765e1b5c072

PODFILE CHECKSUM: d023b7cc7a531b09112d6dfc4e911d6e9143023b

COCOAPODS: 1.9.1
